// !$*UTF8*$!
{
	archiveVersion = 1;
	classes = {
	};
	objectVersion = 77;
	objects = {

/* Begin PBXBuildFile section */
		AP00000000000000000F02C /* ApertureWidgetExtension.appex in Embed Foundation Extensions */ = {isa = PBXBuildFile; fileRef = AP00000000000000000F021 /* ApertureWidgetExtension.appex */; settings = {ATTRIBUTES = (RemoveHeadersOnCopy, ); }; };
		AP00000000000000000F033 /* ApertureSessionAttributes.swift in Sources (app) */ = {isa = PBXBuildFile; fileRef = AP00000000000000000F032 /* ApertureSessionAttributes.swift */; };
		AP00000000000000000F034 /* ApertureSessionAttributes.swift in Sources (widget) */ = {isa = PBXBuildFile; fileRef = AP00000000000000000F032 /* ApertureSessionAttributes.swift */; };
/* End PBXBuildFile section */

/* Begin PBXContainerItemProxy section */
		AP00000000000000000F01B /* PBXContainerItemProxy */ = {
			isa = PBXContainerItemProxy;
			containerPortal = AP000000000000000000F001 /* Project object */;
			proxyType = 1;
			remoteGlobalIDString = AP000000000000000000F005;
			remoteInfo = Aperture;
		};
		AP00000000000000000F02B /* PBXContainerItemProxy */ = {
			isa = PBXContainerItemProxy;
			containerPortal = AP000000000000000000F001 /* Project object */;
			proxyType = 1;
			remoteGlobalIDString = AP00000000000000000F023;
			remoteInfo = ApertureWidgetExtension;
		};
/* End PBXContainerItemProxy section */

/* Begin PBXCopyFilesBuildPhase section */
		AP00000000000000000F02D /* Embed Foundation Extensions */ = {
			isa = PBXCopyFilesBuildPhase;
			buildActionMask = 2147483647;
			dstPath = "";
			dstSubfolderSpec = 13;
			files = (
				AP00000000000000000F02C /* ApertureWidgetExtension.appex in Embed Foundation Extensions */,
			);
			name = "Embed Foundation Extensions";
			runOnlyForDeploymentPostprocessing = 0;
		};
/* End PBXCopyFilesBuildPhase section */

/* Begin PBXFileReference section */
		AP000000000000000000F004 /* Aperture.app */ = {isa = PBXFileReference; explicitFileType = wrapper.application; includeInIndex = 0; path = Aperture.app; sourceTree = BUILT_PRODUCTS_DIR; };
		AP00000000000000000F011 /* ApertureTests.xctest */ = {isa = PBXFileReference; explicitFileType = wrapper.cfbundle; includeInIndex = 0; path = ApertureTests.xctest; sourceTree = BUILT_PRODUCTS_DIR; };
		AP00000000000000000F021 /* ApertureWidgetExtension.appex */ = {isa = PBXFileReference; explicitFileType = "wrapper.app-extension"; includeInIndex = 0; path = ApertureWidgetExtension.appex; sourceTree = BUILT_PRODUCTS_DIR; };
		AP00000000000000000F032 /* ApertureSessionAttributes.swift */ = {isa = PBXFileReference; lastKnownFileType = sourcecode.swift; path = ApertureSessionAttributes.swift; sourceTree = "<group>"; };
/* End PBXFileReference section */

/* Begin PBXFileSystemSynchronizedRootGroup section */
		AP000000000000000000F006 /* Aperture */ = {
			isa = PBXFileSystemSynchronizedRootGroup;
			path = Aperture;
			sourceTree = "<group>";
		};
		AP00000000000000000F012 /* ApertureTests */ = {
			isa = PBXFileSystemSynchronizedRootGroup;
			path = ApertureTests;
			sourceTree = "<group>";
		};
		AP00000000000000000F022 /* ApertureWidget */ = {
			isa = PBXFileSystemSynchronizedRootGroup;
			path = ApertureWidget;
			sourceTree = "<group>";
		};
/* End PBXFileSystemSynchronizedRootGroup section */

/* Begin PBXFrameworksBuildPhase section */
		AP000000000000000000F008 /* Frameworks */ = {
			isa = PBXFrameworksBuildPhase;
			buildActionMask = 2147483647;
			files = (
			);
			runOnlyForDeploymentPostprocessing = 0;
		};
		AP00000000000000000F015 /* Frameworks */ = {
			isa = PBXFrameworksBuildPhase;
			buildActionMask = 2147483647;
			files = (
			);
			runOnlyForDeploymentPostprocessing = 0;
		};
		AP00000000000000000F025 /* Frameworks */ = {
			isa = PBXFrameworksBuildPhase;
			buildActionMask = 2147483647;
			files = (
			);
			runOnlyForDeploymentPostprocessing = 0;
		};
/* End PBXFrameworksBuildPhase section */

/* Begin PBXGroup section */
		AP000000000000000000F002 = {
			isa = PBXGroup;
			children = (
				AP000000000000000000F006 /* Aperture */,
				AP00000000000000000F012 /* ApertureTests */,
				AP00000000000000000F022 /* ApertureWidget */,
				AP00000000000000000F031 /* Shared */,
				AP000000000000000000F003 /* Products */,
			);
			sourceTree = "<group>";
		};
		AP00000000000000000F031 /* Shared */ = {
			isa = PBXGroup;
			children = (
				AP00000000000000000F032 /* ApertureSessionAttributes.swift */,
			);
			path = Shared;
			sourceTree = "<group>";
		};
		AP000000000000000000F003 /* Products */ = {
			isa = PBXGroup;
			children = (
				AP000000000000000000F004 /* Aperture.app */,
				AP00000000000000000F011 /* ApertureTests.xctest */,
				AP00000000000000000F021 /* ApertureWidgetExtension.appex */,
			);
			name = Products;
			sourceTree = "<group>";
		};
/* End PBXGroup section */

/* Begin PBXNativeTarget section */
		AP000000000000000000F005 /* Aperture */ = {
			isa = PBXNativeTarget;
			buildConfigurationList = AP000000000000000000F00B /* Build configuration list for PBXNativeTarget "Aperture" */;
			buildPhases = (
				AP000000000000000000F007 /* Sources */,
				AP000000000000000000F008 /* Frameworks */,
				AP000000000000000000F009 /* Resources */,
				AP00000000000000000F02D /* Embed Foundation Extensions */,
			);
			buildRules = (
			);
			dependencies = (
				AP00000000000000000F02A /* PBXTargetDependency */,
			);
			fileSystemSynchronizedGroups = (
				AP000000000000000000F006 /* Aperture */,
			);
			name = Aperture;
			productName = Aperture;
			productReference = AP000000000000000000F004 /* Aperture.app */;
			productType = "com.apple.product-type.application";
		};
		AP00000000000000000F023 /* ApertureWidgetExtension */ = {
			isa = PBXNativeTarget;
			buildConfigurationList = AP00000000000000000F027 /* Build configuration list for PBXNativeTarget "ApertureWidgetExtension" */;
			buildPhases = (
				AP00000000000000000F024 /* Sources */,
				AP00000000000000000F025 /* Frameworks */,
				AP00000000000000000F026 /* Resources */,
			);
			buildRules = (
			);
			dependencies = (
			);
			fileSystemSynchronizedGroups = (
				AP00000000000000000F022 /* ApertureWidget */,
			);
			name = ApertureWidgetExtension;
			productName = ApertureWidgetExtension;
			productReference = AP00000000000000000F021 /* ApertureWidgetExtension.appex */;
			productType = "com.apple.product-type.app-extension";
		};
		AP00000000000000000F013 /* ApertureTests */ = {
			isa = PBXNativeTarget;
			buildConfigurationList = AP00000000000000000F017 /* Build configuration list for PBXNativeTarget "ApertureTests" */;
			buildPhases = (
				AP00000000000000000F014 /* Sources */,
				AP00000000000000000F015 /* Frameworks */,
				AP00000000000000000F016 /* Resources */,
			);
			buildRules = (
			);
			dependencies = (
				AP00000000000000000F01A /* PBXTargetDependency */,
			);
			fileSystemSynchronizedGroups = (
				AP00000000000000000F012 /* ApertureTests */,
			);
			name = ApertureTests;
			productName = ApertureTests;
			productReference = AP00000000000000000F011 /* ApertureTests.xctest */;
			productType = "com.apple.product-type.bundle.unit-test";
		};
/* End PBXNativeTarget section */

/* Begin PBXProject section */
		AP000000000000000000F001 /* Project object */ = {
			isa = PBXProject;
			attributes = {
				BuildIndependentTargetsInParallel = 1;
				LastSwiftUpdateCheck = 1600;
				LastUpgradeCheck = 1600;
				TargetAttributes = {
					AP000000000000000000F005 = {
						CreatedOnToolsVersion = 16.0;
					};
					AP00000000000000000F013 = {
						CreatedOnToolsVersion = 16.0;
						TestTargetID = AP000000000000000000F005;
					};
					AP00000000000000000F023 = {
						CreatedOnToolsVersion = 16.0;
					};
				};
			};
			buildConfigurationList = AP000000000000000000F00A /* Build configuration list for PBXProject "Aperture" */;
			developmentRegion = en;
			hasScannedForEncodings = 0;
			knownRegions = (
				en,
				Base,
			);
			mainGroup = AP000000000000000000F002;
			minimizedProjectReferenceProxies = 1;
			preferredProjectObjectVersion = 77;
			productRefGroup = AP000000000000000000F003 /* Products */;
			projectDirPath = "";
			projectRoot = "";
			targets = (
				AP000000000000000000F005 /* Aperture */,
				AP00000000000000000F013 /* ApertureTests */,
				AP00000000000000000F023 /* ApertureWidgetExtension */,
			);
		};
/* End PBXProject section */

/* Begin PBXResourcesBuildPhase section */
		AP000000000000000000F009 /* Resources */ = {
			isa = PBXResourcesBuildPhase;
			buildActionMask = 2147483647;
			files = (
			);
			runOnlyForDeploymentPostprocessing = 0;
		};
		AP00000000000000000F016 /* Resources */ = {
			isa = PBXResourcesBuildPhase;
			buildActionMask = 2147483647;
			files = (
			);
			runOnlyForDeploymentPostprocessing = 0;
		};
		AP00000000000000000F026 /* Resources */ = {
			isa = PBXResourcesBuildPhase;
			buildActionMask = 2147483647;
			files = (
			);
			runOnlyForDeploymentPostprocessing = 0;
		};
/* End PBXResourcesBuildPhase section */

/* Begin PBXSourcesBuildPhase section */
		AP000000000000000000F007 /* Sources */ = {
			isa = PBXSourcesBuildPhase;
			buildActionMask = 2147483647;
			files = (
				AP00000000000000000F033 /* ApertureSessionAttributes.swift in Sources (app) */,
			);
			runOnlyForDeploymentPostprocessing = 0;
		};
		AP00000000000000000F014 /* Sources */ = {
			isa = PBXSourcesBuildPhase;
			buildActionMask = 2147483647;
			files = (
			);
			runOnlyForDeploymentPostprocessing = 0;
		};
		AP00000000000000000F024 /* Sources */ = {
			isa = PBXSourcesBuildPhase;
			buildActionMask = 2147483647;
			files = (
				AP00000000000000000F034 /* ApertureSessionAttributes.swift in Sources (widget) */,
			);
			runOnlyForDeploymentPostprocessing = 0;
		};
/* End PBXSourcesBuildPhase section */

/* Begin PBXTargetDependency section */
		AP00000000000000000F01A /* PBXTargetDependency */ = {
			isa = PBXTargetDependency;
			target = AP000000000000000000F005 /* Aperture */;
			targetProxy = AP00000000000000000F01B /* PBXContainerItemProxy */;
		};
		AP00000000000000000F02A /* PBXTargetDependency */ = {
			isa = PBXTargetDependency;
			target = AP00000000000000000F023 /* ApertureWidgetExtension */;
			targetProxy = AP00000000000000000F02B /* PBXContainerItemProxy */;
		};
/* End PBXTargetDependency section */

/* Begin XCBuildConfiguration section */
		AP000000000000000000F00C /* Debug */ = {
			isa = XCBuildConfiguration;
			buildSettings = {
				ALWAYS_SEARCH_USER_PATHS = NO;
				ASSETCATALOG_COMPILER_GENERATE_SWIFT_ASSET_SYMBOL_EXTENSIONS = YES;
				CLANG_ANALYZER_NONNULL = YES;
				CLANG_ENABLE_MODULES = YES;
				CLANG_ENABLE_OBJC_ARC = YES;
				COPY_PHASE_STRIP = NO;
				DEBUG_INFORMATION_FORMAT = dwarf;
				ENABLE_STRICT_OBJC_MSGSEND = YES;
				ENABLE_TESTABILITY = YES;
				GCC_C_LANGUAGE_STANDARD = gnu17;
				GCC_DYNAMIC_NO_PIC = NO;
				GCC_OPTIMIZATION_LEVEL = 0;
				GCC_PREPROCESSOR_DEFINITIONS = (
					"DEBUG=1",
					"$(inherited)",
				);
				IPHONEOS_DEPLOYMENT_TARGET = 17.0;
				MTL_ENABLE_DEBUG_INFO = INCLUDE_SOURCE;
				MTL_FAST_MATH = YES;
				ONLY_ACTIVE_ARCH = YES;
				SDKROOT = iphoneos;
				SWIFT_ACTIVE_COMPILATION_CONDITIONS = "DEBUG $(inherited)";
				SWIFT_OPTIMIZATION_LEVEL = "-Onone";
			};
			name = Debug;
		};
		AP000000000000000000F00D /* Release */ = {
			isa = XCBuildConfiguration;
			buildSettings = {
				ALWAYS_SEARCH_USER_PATHS = NO;
				ASSETCATALOG_COMPILER_GENERATE_SWIFT_ASSET_SYMBOL_EXTENSIONS = YES;
				CLANG_ANALYZER_NONNULL = YES;
				CLANG_ENABLE_MODULES = YES;
				CLANG_ENABLE_OBJC_ARC = YES;
				COPY_PHASE_STRIP = NO;
				DEBUG_INFORMATION_FORMAT = "dwarf-with-dsym";
				ENABLE_NS_ASSERTIONS = NO;
				ENABLE_STRICT_OBJC_MSGSEND = YES;
				GCC_C_LANGUAGE_STANDARD = gnu17;
				IPHONEOS_DEPLOYMENT_TARGET = 17.0;
				MTL_ENABLE_DEBUG_INFO = NO;
				MTL_FAST_MATH = YES;
				SDKROOT = iphoneos;
				SWIFT_COMPILATION_MODE = wholemodule;
				VALIDATE_PRODUCT = YES;
			};
			name = Release;
		};
		AP000000000000000000F00E /* Debug */ = {
			isa = XCBuildConfiguration;
			buildSettings = {
				ASSETCATALOG_COMPILER_APPICON_NAME = AppIcon;
				ASSETCATALOG_COMPILER_GLOBAL_ACCENT_COLOR_NAME = AccentColor;
				CODE_SIGN_STYLE = Automatic;
				CURRENT_PROJECT_VERSION = 1;
				ENABLE_PREVIEWS = YES;
				GENERATE_INFOPLIST_FILE = YES;
				INFOPLIST_KEY_UIApplicationSceneManifest_Generation = YES;
				INFOPLIST_FILE = "Aperture-Info.plist";
				INFOPLIST_KEY_NSSupportsLiveActivities = YES;
				INFOPLIST_KEY_UIApplicationSupportsIndirectInputEvents = YES;
				INFOPLIST_KEY_UILaunchScreen_Generation = YES;
				INFOPLIST_KEY_UISupportedInterfaceOrientations_iPad = "UIInterfaceOrientationPortrait UIInterfaceOrientationPortraitUpsideDown UIInterfaceOrientationLandscapeLeft UIInterfaceOrientationLandscapeRight";
				INFOPLIST_KEY_UISupportedInterfaceOrientations_iPhone = "UIInterfaceOrientationPortrait UIInterfaceOrientationLandscapeLeft UIInterfaceOrientationLandscapeRight";
				LD_RUNPATH_SEARCH_PATHS = (
					"$(inherited)",
					"@executable_path/Frameworks",
				);
				MARKETING_VERSION = 1.0;
				PRODUCT_BUNDLE_IDENTIFIER = com.wang.aperture;
				PRODUCT_NAME = "$(TARGET_NAME)";
				SWIFT_EMIT_LOC_STRINGS = YES;
				SWIFT_VERSION = 5.0;
				TARGETED_DEVICE_FAMILY = "1,2";
			};
			name = Debug;
		};
		AP000000000000000000F00F /* Release */ = {
			isa = XCBuildConfiguration;
			buildSettings = {
				ASSETCATALOG_COMPILER_APPICON_NAME = AppIcon;
				ASSETCATALOG_COMPILER_GLOBAL_ACCENT_COLOR_NAME = AccentColor;
				CODE_SIGN_STYLE = Automatic;
				CURRENT_PROJECT_VERSION = 1;
				ENABLE_PREVIEWS = YES;
				GENERATE_INFOPLIST_FILE = YES;
				INFOPLIST_KEY_UIApplicationSceneManifest_Generation = YES;
				INFOPLIST_FILE = "Aperture-Info.plist";
				INFOPLIST_KEY_NSSupportsLiveActivities = YES;
				INFOPLIST_KEY_UIApplicationSupportsIndirectInputEvents = YES;
				INFOPLIST_KEY_UILaunchScreen_Generation = YES;
				INFOPLIST_KEY_UISupportedInterfaceOrientations_iPad = "UIInterfaceOrientationPortrait UIInterfaceOrientationPortraitUpsideDown UIInterfaceOrientationLandscapeLeft UIInterfaceOrientationLandscapeRight";
				INFOPLIST_KEY_UISupportedInterfaceOrientations_iPhone = "UIInterfaceOrientationPortrait UIInterfaceOrientationLandscapeLeft UIInterfaceOrientationLandscapeRight";
				LD_RUNPATH_SEARCH_PATHS = (
					"$(inherited)",
					"@executable_path/Frameworks",
				);
				MARKETING_VERSION = 1.0;
				PRODUCT_BUNDLE_IDENTIFIER = com.wang.aperture;
				PRODUCT_NAME = "$(TARGET_NAME)";
				SWIFT_EMIT_LOC_STRINGS = YES;
				SWIFT_VERSION = 5.0;
				TARGETED_DEVICE_FAMILY = "1,2";
			};
			name = Release;
		};
		AP00000000000000000F018 /* Debug */ = {
			isa = XCBuildConfiguration;
			buildSettings = {
				BUNDLE_LOADER = "$(TEST_HOST)";
				CODE_SIGN_STYLE = Automatic;
				CURRENT_PROJECT_VERSION = 1;
				GENERATE_INFOPLIST_FILE = YES;
				IPHONEOS_DEPLOYMENT_TARGET = 17.0;
				MARKETING_VERSION = 1.0;
				PRODUCT_BUNDLE_IDENTIFIER = com.wang.apertureTests;
				PRODUCT_NAME = "$(TARGET_NAME)";
				SWIFT_EMIT_LOC_STRINGS = NO;
				SWIFT_VERSION = 5.0;
				TARGETED_DEVICE_FAMILY = "1,2";
				TEST_HOST = "$(BUILT_PRODUCTS_DIR)/Aperture.app/$(BUNDLE_EXECUTABLE_FOLDER_PATH)/Aperture";
			};
			name = Debug;
		};
		AP00000000000000000F019 /* Release */ = {
			isa = XCBuildConfiguration;
			buildSettings = {
				BUNDLE_LOADER = "$(TEST_HOST)";
				CODE_SIGN_STYLE = Automatic;
				CURRENT_PROJECT_VERSION = 1;
				GENERATE_INFOPLIST_FILE = YES;
				IPHONEOS_DEPLOYMENT_TARGET = 17.0;
				MARKETING_VERSION = 1.0;
				PRODUCT_BUNDLE_IDENTIFIER = com.wang.apertureTests;
				PRODUCT_NAME = "$(TARGET_NAME)";
				SWIFT_EMIT_LOC_STRINGS = NO;
				SWIFT_VERSION = 5.0;
				TARGETED_DEVICE_FAMILY = "1,2";
				TEST_HOST = "$(BUILT_PRODUCTS_DIR)/Aperture.app/$(BUNDLE_EXECUTABLE_FOLDER_PATH)/Aperture";
			};
			name = Release;
		};
		AP00000000000000000F028 /* Debug */ = {
			isa = XCBuildConfiguration;
			buildSettings = {
				CODE_SIGN_STYLE = Automatic;
				CURRENT_PROJECT_VERSION = 1;
				GENERATE_INFOPLIST_FILE = YES;
				INFOPLIST_FILE = "ApertureWidget-Info.plist";
				INFOPLIST_KEY_CFBundleDisplayName = Aperture;
				IPHONEOS_DEPLOYMENT_TARGET = 17.0;
				LD_RUNPATH_SEARCH_PATHS = (
					"$(inherited)",
					"@executable_path/Frameworks",
					"@executable_path/../../Frameworks",
				);
				MARKETING_VERSION = 1.0;
				PRODUCT_BUNDLE_IDENTIFIER = com.wang.aperture.ApertureWidget;
				PRODUCT_NAME = "$(TARGET_NAME)";
				SKIP_INSTALL = YES;
				SWIFT_EMIT_LOC_STRINGS = YES;
				SWIFT_VERSION = 5.0;
				TARGETED_DEVICE_FAMILY = "1,2";
			};
			name = Debug;
		};
		AP00000000000000000F029 /* Release */ = {
			isa = XCBuildConfiguration;
			buildSettings = {
				CODE_SIGN_STYLE = Automatic;
				CURRENT_PROJECT_VERSION = 1;
				GENERATE_INFOPLIST_FILE = YES;
				INFOPLIST_FILE = "ApertureWidget-Info.plist";
				INFOPLIST_KEY_CFBundleDisplayName = Aperture;
				IPHONEOS_DEPLOYMENT_TARGET = 17.0;
				LD_RUNPATH_SEARCH_PATHS = (
					"$(inherited)",
					"@executable_path/Frameworks",
					"@executable_path/../../Frameworks",
				);
				MARKETING_VERSION = 1.0;
				PRODUCT_BUNDLE_IDENTIFIER = com.wang.aperture.ApertureWidget;
				PRODUCT_NAME = "$(TARGET_NAME)";
				SKIP_INSTALL = YES;
				SWIFT_EMIT_LOC_STRINGS = YES;
				SWIFT_VERSION = 5.0;
				TARGETED_DEVICE_FAMILY = "1,2";
			};
			name = Release;
		};
/* End XCBuildConfiguration section */

/* Begin XCConfigurationList section */
		AP000000000000000000F00A /* Build configuration list for PBXProject "Aperture" */ = {
			isa = XCConfigurationList;
			buildConfigurations = (
				AP000000000000000000F00C /* Debug */,
				AP000000000000000000F00D /* Release */,
			);
			defaultConfigurationIsVisible = 0;
			defaultConfigurationName = Release;
		};
		AP000000000000000000F00B /* Build configuration list for PBXNativeTarget "Aperture" */ = {
			isa = XCConfigurationList;
			buildConfigurations = (
				AP000000000000000000F00E /* Debug */,
				AP000000000000000000F00F /* Release */,
			);
			defaultConfigurationIsVisible = 0;
			defaultConfigurationName = Release;
		};
		AP00000000000000000F017 /* Build configuration list for PBXNativeTarget "ApertureTests" */ = {
			isa = XCConfigurationList;
			buildConfigurations = (
				AP00000000000000000F018 /* Debug */,
				AP00000000000000000F019 /* Release */,
			);
			defaultConfigurationIsVisible = 0;
			defaultConfigurationName = Release;
		};
		AP00000000000000000F027 /* Build configuration list for PBXNativeTarget "ApertureWidgetExtension" */ = {
			isa = XCConfigurationList;
			buildConfigurations = (
				AP00000000000000000F028 /* Debug */,
				AP00000000000000000F029 /* Release */,
			);
			defaultConfigurationIsVisible = 0;
			defaultConfigurationName = Release;
		};
/* End XCConfigurationList section */
	};
	rootObject = AP000000000000000000F001 /* Project object */;
}
